
Microsoft Visual Studio Solution File, Format Version 12.00
# Visual Studio Version 18
VisualStudioVersion = 18.3.11426.168
MinimumVisualStudioVersion = 10.0.40219.1
Project("{8BC9CEB8-8B4A-11D0-8D11-00A0C91BC942}") = "OpenGL", "OpenGL\OpenGL.vcxproj", "{DEDD56AC-6B82-4080-9127-79726A50AFD0}"
EndProject
Global
	GlobalSection(SolutionConfigurationPlatforms) = preSolution
		Debug|ARM64 = Debug|ARM64
		Debug|x64 = Debug|x64
		Debug|x86 = Debug|x86
		Release|ARM64 = Release|ARM64
		Release|x64 = Release|x64
		Release|x86 = Release|x86
	EndGlobalSection
	GlobalSection(ProjectConfigurationPlatforms) = postSolution
		{DEDD56AC-6B82-4080-9127-79726A50AFD0}.Debug|ARM64.ActiveCfg = Debug|ARM64
		{DEDD56AC-6B82-4080-9127-79726A50AFD0}.Debug|ARM64.Build.0 = Debug|ARM64
		{DEDD56AC-6B82-4080-9127-79726A50AFD0}.Debug|x64.ActiveCfg = Debug|x64
		{DEDD56AC-6B82-4080-9127-79726A50AFD0}.Debug|x64.Build.0 = Debug|x64
		{DEDD56AC-6B82-4080-9127-79726A50AFD0}.Debug|x86.ActiveCfg = Debug|Win32
		{DEDD56AC-6B82-4080-9127-79726A50AFD0}.Debug|x86.Build.0 = Debug|Win32
		{DEDD56AC-6B82-4080-9127-79726A50AFD0}.Release|ARM64.ActiveCfg = Release|ARM64
		{DEDD56AC-6B82-4080-9127-79726A50AFD0}.Release|ARM64.Build.0 = Release|ARM64
		{DEDD56AC-6B82-4080-9127-79726A50AFD0}.Release|x64.ActiveCfg = Release|x64
		{DEDD56AC-6B82-4080-9127-79726A50AFD0}.Release|x64.Build.0 = Release|x64
		{DEDD56AC-6B82-4080-9127-79726A50AFD0}.Release|x86.ActiveCfg = Release|Win32
		{DEDD56AC-6B82-4080-9127-79726A50AFD0}.Release|x86.Build.0 = Release|Win32
	EndGlobalSection
	GlobalSection(SolutionProperties) = preSolution
		HideSolutionNode = FALSE
	EndGlobalSection
	GlobalSection(ExtensibilityGlobals) = postSolution
		SolutionGuid = {146D71F3-FBD5-4525-B2CE-25B9F8902F1B}
	EndGlobalSection
EndGlobal
