<?xml version="1.0" encoding="utf-8"?>
<Project ToolsVersion="4.0" xmlns="http://schemas.microsoft.com/developer/msbuild/2003">
  <ItemGroup>
    <Filter Include="rajagp_core">
      <UniqueIdentifier>{855a8b4a-f10c-5cf0-be8f-3de7cb22a561}</UniqueIdentifier>
    </Filter>
    <Filter Include="res">
      <UniqueIdentifier>{6439cffd-fcd2-51b0-b4e1-78a3a002b84d}</UniqueIdentifier>
    </Filter>
    <Filter Include="src">
      <UniqueIdentifier>{cbfe971d-1f95-5ac0-bd34-64afdf962373}</UniqueIdentifier>
    </Filter>
    <Filter Include="src\core">
      <UniqueIdentifier>{6c42fa44-15d0-5a01-8063-44673ce5daa2}</UniqueIdentifier>
    </Filter>
    <Filter Include="src\input">
      <UniqueIdentifier>{da01f0b1-a09e-5fb0-b628-8fc726ef527e}</UniqueIdentifier>
    </Filter>
    <Filter Include="src\logging">
      <UniqueIdentifier>{cf54b1d1-9726-5f76-9735-40416512b15b}</UniqueIdentifier>
    </Filter>
    <Filter Include="src\network">
      <UniqueIdentifier>{2ed8ee67-be4a-52d5-8dd1-bea88bae2a05}</UniqueIdentifier>
    </Filter>
    <Filter Include="src\racing">
      <UniqueIdentifier>{11416334-8e34-5516-84cc-39619aef1e90}</UniqueIdentifier>
    </Filter>
    <Filter Include="src\rendering">
      <UniqueIdentifier>{b4e81a8d-82d7-50b4-8695-79f7d029e2ef}</UniqueIdentifier>
    </Filter>
    <Filter Include="src\track">
      <UniqueIdentifier>{1d1f6451-e421-507a-8e15-bcc20376567a}</UniqueIdentifier>
    </Filter>
    <Filter Include="src\ui">
      <UniqueIdentifier>{644019fe-ec7f-5335-9656-f338fdbe0fca}</UniqueIdentifier>
    </Filter>
    <Filter Include="src\ui\pro">
      <UniqueIdentifier>{1d1130ce-d82c-5afc-a468-94d4d17e91cd}</UniqueIdentifier>
    </Filter>
    <Filter Include="src\ui\race">
      <UniqueIdentifier>{e129aba4-0045-5f6e-b5fa-2763783e7d54}</UniqueIdentifier>
    </Filter>
    <Filter Include="src\vehicle">
      <UniqueIdentifier>{aac255ad-c1f8-5d95-ac51-7197148ca2fd}</UniqueIdentifier>
    </Filter>
    <Filter Include="third_party">
      <UniqueIdentifier>{b69ddb44-3201-5c38-ae44-98212db994be}</UniqueIdentifier>
    </Filter>
    <Filter Include="third_party\glad">
      <UniqueIdentifier>{e5d1f50d-ee7f-51e1-911b-beaeae421c7c}</UniqueIdentifier>
    </Filter>
    <Filter Include="third_party\include">
      <UniqueIdentifier>{62a2c5bc-a13a-5ca3-a50d-92f0c03a2571}</UniqueIdentifier>
    </Filter>
    <Filter Include="third_party\include\imgui">
      <UniqueIdentifier>{df4c9e58-0f90-5984-9cea-cc193e87efb3}</UniqueIdentifier>
    </Filter>
    <Filter Include="third_party\include\imgui\backends">
      <UniqueIdentifier>{d3147c14-6ee2-5d1f-8e51-a46c249be420}</UniqueIdentifier>
    </Filter>
    <Filter Include="third_party\include\serialib">
      <UniqueIdentifier>{ce6d0408-0f09-55a8-a24b-a3ea2dd7f92e}</UniqueIdentifier>
    </Filter>
  </ItemGroup>
  <ItemGroup>
    <ClCompile Include="..\..\RAJAGP Server\core\src\Crc.cpp">
      <Filter>rajagp_core</Filter>
    </ClCompile>
    <ClCompile Include="..\..\RAJAGP Server\core\src\RajaParser.cpp">
      <Filter>rajagp_core</Filter>
    </ClCompile>
    <ClCompile Include="third_party\glad\glad.c">
      <Filter>third_party\glad</Filter>
    </ClCompile>
    <ClCompile Include="third_party\include\serialib\serialib.cpp">
      <Filter>third_party\include\serialib</Filter>
    </ClCompile>
    <ClCompile Include="third_party\include\imgui\imgui.cpp">
      <Filter>third_party\include\imgui</Filter>
    </ClCompile>
    <ClCompile Include="third_party\include\imgui\imgui_demo.cpp">
      <Filter>third_party\include\imgui</Filter>
    </ClCompile>
    <ClCompile Include="third_party\include\imgui\imgui_draw.cpp">
      <Filter>third_party\include\imgui</Filter>
    </ClCompile>
    <ClCompile Include="third_party\include\imgui\imgui_tables.cpp">
      <Filter>third_party\include\imgui</Filter>
    </ClCompile>
    <ClCompile Include="third_party\include\imgui\imgui_widgets.cpp">
      <Filter>third_party\include\imgui</Filter>
    </ClCompile>
    <ClCompile Include="third_party\include\imgui\backends\imgui_impl_glfw.cpp">
      <Filter>third_party\include\imgui\backends</Filter>
    </ClCompile>
    <ClCompile Include="third_party\include\imgui\backends\imgui_impl_opengl3.cpp">
      <Filter>third_party\include\imgui\backends</Filter>
    </ClCompile>
    <ClCompile Include="src\core\AppPaths.cpp">
      <Filter>src\core</Filter>
    </ClCompile>
    <ClCompile Include="src\core\DeviceRegistry.cpp">
      <Filter>src\core</Filter>
    </ClCompile>
    <ClCompile Include="src\core\WorldSnapshot.cpp">
      <Filter>src\core</Filter>
    </ClCompile>
    <ClCompile Include="src\core\main.cpp">
      <Filter>src\core</Filter>
    </ClCompile>
    <ClCompile Include="src\input\Input.cpp">
      <Filter>src\input</Filter>
    </ClCompile>
    <ClCompile Include="src\logging\ConsoleLog.cpp">
      <Filter>src\logging</Filter>
    </ClCompile>
    <ClCompile Include="src\logging\CsvImport.cpp">
      <Filter>src\logging</Filter>
    </ClCompile>
    <ClCompile Include="src\logging\TelemetryExport.cpp">
      <Filter>src\logging</Filter>
    </ClCompile>
    <ClCompile Include="src\logging\TelemetryLog.cpp">
      <Filter>src\logging</Filter>
    </ClCompile>
    <ClCompile Include="src\network\ESP32_Code.cpp">
      <Filter>src\network</Filter>
    </ClCompile>
    <ClCompile Include="src\network\NetworkCompat.cpp">
      <Filter>src\network</Filter>
    </ClCompile>
    <ClCompile Include="src\network\ReplayPlayer.cpp">
      <Filter>src\network</Filter>
    </ClCompile>
    <ClCompile Include="src\network\SimulationServer.cpp">
      <Filter>src\network</Filter>
    </ClCompile>
    <ClCompile Include="src\network\SyntheticTelemetry.cpp">
      <Filter>src\network</Filter>
    </ClCompile>
    <ClCompile Include="src\network\TelemetryIngest.cpp">
      <Filter>src\network</Filter>
    </ClCompile>
    <ClCompile Include="src\network\TrackServerClient.cpp">
      <Filter>src\network</Filter>
    </ClCompile>
    <ClCompile Include="src\racing\RaceManager.cpp">
      <Filter>src\racing</Filter>
    </ClCompile>
    <ClCompile Include="src\racing\StartStop.cpp">
      <Filter>src\racing</Filter>
    </ClCompile>
    <ClCompile Include="src\racing\TimeDiff.cpp">
      <Filter>src\racing</Filter>
    </ClCompile>
    <ClCompile Include="src\rendering\Interpolation.cpp">
      <Filter>src\rendering</Filter>
    </ClCompile>
    <ClCompile Include="src\rendering\Render.cpp">
      <Filter>src\rendering</Filter>
    </ClCompile>
    <ClCompile Include="src\rendering\VehicleNameRenderer.cpp">
      <Filter>src\rendering</Filter>
    </ClCompile>
    <ClCompile Include="src\track\TelemetryTrackBuilder.cpp">
      <Filter>src\track</Filter>
    </ClCompile>
    <ClCompile Include="src\track\TrackEditor.cpp">
      <Filter>src\track</Filter>
    </ClCompile>
    <ClCompile Include="src\track\TrackProjection.cpp">
      <Filter>src\track</Filter>
    </ClCompile>
    <ClCompile Include="src\track\TrackRecorder.cpp">
      <Filter>src\track</Filter>
    </ClCompile>
    <ClCompile Include="src\ui\Accounts.cpp">
      <Filter>src\ui</Filter>
    </ClCompile>
    <ClCompile Include="src\ui\SettingsPanel.cpp">
      <Filter>src\ui</Filter>
    </ClCompile>
    <ClCompile Include="src\ui\TrackReviewPanel.cpp">
      <Filter>src\ui</Filter>
    </ClCompile>
    <ClCompile Include="src\ui\UI.cpp">
      <Filter>src\ui</Filter>
    </ClCompile>
    <ClCompile Include="src\ui\UI_Elements.cpp">
      <Filter>src\ui</Filter>
    </ClCompile>
    <ClCompile Include="src\ui\ui_scale.cpp">
      <Filter>src\ui</Filter>
    </ClCompile>
    <ClCompile Include="src\ui\pro\ProChannels.cpp">
      <Filter>src\ui\pro</Filter>
    </ClCompile>
    <ClCompile Include="src\ui\pro\ProEvents.cpp">
      <Filter>src\ui\pro</Filter>
    </ClCompile>
    <ClCompile Include="src\ui\pro\ProGForce.cpp">
      <Filter>src\ui\pro</Filter>
    </ClCompile>
    <ClCompile Include="src\ui\pro\ProGForceBars.cpp">
      <Filter>src\ui\pro</Filter>
    </ClCompile>
    <ClCompile Include="src\ui\pro\ProGraphs.cpp">
      <Filter>src\ui\pro</Filter>
    </ClCompile>
    <ClCompile Include="src\ui\pro\ProLapList.cpp">
      <Filter>src\ui\pro</Filter>
    </ClCompile>
    <ClCompile Include="src\ui\pro\ProLaptime.cpp">
      <Filter>src\ui\pro</Filter>
    </ClCompile>
    <ClCompile Include="src\ui\pro\ProRelative.cpp">
      <Filter>src\ui\pro</Filter>
    </ClCompile>
    <ClCompile Include="src\ui\pro\ProSectors.cpp">
      <Filter>src\ui\pro</Filter>
    </ClCompile>
    <ClCompile Include="src\ui\pro\ProSessionInfo.cpp">
      <Filter>src\ui\pro</Filter>
    </ClCompile>
    <ClCompile Include="src\ui\pro\ProSidebar.cpp">
      <Filter>src\ui\pro</Filter>
    </ClCompile>
    <ClCompile Include="src\ui\pro\ProTrackMap.cpp">
      <Filter>src\ui\pro</Filter>
    </ClCompile>
    <ClCompile Include="src\ui\pro\ProTrackReport.cpp">
      <Filter>src\ui\pro</Filter>
    </ClCompile>
    <ClCompile Include="src\ui\pro\ProView.cpp">
      <Filter>src\ui\pro</Filter>
    </ClCompile>
    <ClCompile Include="src\ui\race\RaceDisplay.cpp">
      <Filter>src\ui\race</Filter>
    </ClCompile>
    <ClCompile Include="src\ui\race\RaceStatusBar.cpp">
      <Filter>src\ui\race</Filter>
    </ClCompile>
    <ClCompile Include="src\ui\race\UIRaceManager.cpp">
      <Filter>src\ui\race</Filter>
    </ClCompile>
    <ClCompile Include="src\vehicle\Vehicle.cpp">
      <Filter>src\vehicle</Filter>
    </ClCompile>
    <ClCompile Include="src\vehicle\VehicleInterpolator.cpp">
      <Filter>src\vehicle</Filter>
    </ClCompile>
  </ItemGroup>
  <ItemGroup>
    <ClInclude Include="third_party\include\serialib\serialib.h">
      <Filter>third_party\include\serialib</Filter>
    </ClInclude>
    <ClInclude Include="third_party\include\stb_image.h">
      <Filter>third_party\include</Filter>
    </ClInclude>
    <ClInclude Include="src\core\AppPaths.h">
      <Filter>src\core</Filter>
    </ClInclude>
    <ClInclude Include="src\core\Config.h">
      <Filter>src\core</Filter>
    </ClInclude>
    <ClInclude Include="src\core\DeviceRegistry.h">
      <Filter>src\core</Filter>
    </ClInclude>
    <ClInclude Include="src\core\WorldSnapshot.h">
      <Filter>src\core</Filter>
    </ClInclude>
    <ClInclude Include="src\input\Input.h">
      <Filter>src\input</Filter>
    </ClInclude>
    <ClInclude Include="src\logging\ConsoleLog.h">
      <Filter>src\logging</Filter>
    </ClInclude>
    <ClInclude Include="src\logging\CsvImport.h">
      <Filter>src\logging</Filter>
    </ClInclude>
    <ClInclude Include="src\logging\TelemetryExport.h">
      <Filter>src\logging</Filter>
    </ClInclude>
    <ClInclude Include="src\logging\TelemetryLog.h">
      <Filter>src\logging</Filter>
    </ClInclude>
    <ClInclude Include="src\network\ESP32_Code.h">
      <Filter>src\network</Filter>
    </ClInclude>
    <ClInclude Include="src\network\ReplayPlayer.h">
      <Filter>src\network</Filter>
    </ClInclude>
    <ClInclude Include="src\network\Server.h">
      <Filter>src\network</Filter>
    </ClInclude>
    <ClInclude Include="src\network\SimulationServer.h">
      <Filter>src\network</Filter>
    </ClInclude>
    <ClInclude Include="src\network\SyntheticTelemetry.h">
      <Filter>src\network</Filter>
    </ClInclude>
    <ClInclude Include="src\network\TelemetryIngest.h">
      <Filter>src\network</Filter>
    </ClInclude>
    <ClInclude Include="src\network\TrackServerClient.h">
      <Filter>src\network</Filter>
    </ClInclude>
    <ClInclude Include="src\racing\LapClock.h">
      <Filter>src\racing</Filter>
    </ClInclude>
    <ClInclude Include="src\racing\ModeManager.h">
      <Filter>src\racing</Filter>
    </ClInclude>
    <ClInclude Include="src\racing\RaceManager.h">
      <Filter>src\racing</Filter>
    </ClInclude>
    <ClInclude Include="src\racing\StartStop.h">
      <Filter>src\racing</Filter>
    </ClInclude>
    <ClInclude Include="src\racing\TimeDiff.h">
      <Filter>src\racing</Filter>
    </ClInclude>
    <ClInclude Include="src\rendering\Interpolation.h">
      <Filter>src\rendering</Filter>
    </ClInclude>
    <ClInclude Include="src\rendering\Render.h">
      <Filter>src\rendering</Filter>
    </ClInclude>
    <ClInclude Include="src\rendering\VehicleNameRenderer.h">
      <Filter>src\rendering</Filter>
    </ClInclude>
    <ClInclude Include="src\track\TelemetryTrackBuilder.h">
      <Filter>src\track</Filter>
    </ClInclude>
    <ClInclude Include="src\track\TrackEditor.h">
      <Filter>src\track</Filter>
    </ClInclude>
    <ClInclude Include="src\track\TrackProjection.h">
      <Filter>src\track</Filter>
    </ClInclude>
    <ClInclude Include="src\track\TrackRecorder.h">
      <Filter>src\track</Filter>
    </ClInclude>
    <ClInclude Include="src\ui\Accounts.h">
      <Filter>src\ui</Filter>
    </ClInclude>
    <ClInclude Include="src\ui\SettingsPanel.h">
      <Filter>src\ui</Filter>
    </ClInclude>
    <ClInclude Include="src\ui\TrackReviewPanel.h">
      <Filter>src\ui</Filter>
    </ClInclude>
    <ClInclude Include="src\ui\UI.h">
      <Filter>src\ui</Filter>
    </ClInclude>
    <ClInclude Include="src\ui\UI_Config.h">
      <Filter>src\ui</Filter>
    </ClInclude>
    <ClInclude Include="src\ui\UI_Elements.h">
      <Filter>src\ui</Filter>
    </ClInclude>
    <ClInclude Include="src\ui\UI_Elements_Config.h">
      <Filter>src\ui</Filter>
    </ClInclude>
    <ClInclude Include="src\ui\ui_scale.hpp">
      <Filter>src\ui</Filter>
    </ClInclude>
    <ClInclude Include="src\ui\pro\ProChannels.h">
      <Filter>src\ui\pro</Filter>
    </ClInclude>
    <ClInclude Include="src\ui\pro\ProEvents.h">
      <Filter>src\ui\pro</Filter>
    </ClInclude>
    <ClInclude Include="src\ui\pro\ProGForce.h">
      <Filter>src\ui\pro</Filter>
    </ClInclude>
    <ClInclude Include="src\ui\pro\ProGForceBars.h">
      <Filter>src\ui\pro</Filter>
    </ClInclude>
    <ClInclude Include="src\ui\pro\ProGraphs.h">
      <Filter>src\ui\pro</Filter>
    </ClInclude>
    <ClInclude Include="src\ui\pro\ProLapList.h">
      <Filter>src\ui\pro</Filter>
    </ClInclude>
    <ClInclude Include="src\ui\pro\ProLaptime.h">
      <Filter>src\ui\pro</Filter>
    </ClInclude>
    <ClInclude Include="src\ui\pro\ProRelative.h">
      <Filter>src\ui\pro</Filter>
    </ClInclude>
    <ClInclude Include="src\ui\pro\ProSectors.h">
      <Filter>src\ui\pro</Filter>
    </ClInclude>
    <ClInclude Include="src\ui\pro\ProSessionInfo.h">
      <Filter>src\ui\pro</Filter>
    </ClInclude>
    <ClInclude Include="src\ui\pro\ProTrackMap.h">
      <Filter>src\ui\pro</Filter>
    </ClInclude>
    <ClInclude Include="src\ui\pro\ProTrackReport.h">
      <Filter>src\ui\pro</Filter>
    </ClInclude>
    <ClInclude Include="src\ui\pro\ProView.h">
      <Filter>src\ui\pro</Filter>
    </ClInclude>
    <ClInclude Include="src\ui\race\RaceDisplay.h">
      <Filter>src\ui\race</Filter>
    </ClInclude>
    <ClInclude Include="src\ui\race\RaceFlags.h">
      <Filter>src\ui\race</Filter>
    </ClInclude>
    <ClInclude Include="src\ui\race\RaceStatusBar.h">
      <Filter>src\ui\race</Filter>
    </ClInclude>
    <ClInclude Include="src\vehicle\LapTypes.h">
      <Filter>src\vehicle</Filter>
    </ClInclude>
    <ClInclude Include="src\vehicle\Vehicle.h">
      <Filter>src\vehicle</Filter>
    </ClInclude>
    <ClInclude Include="src\vehicle\VehicleInterpolator.h">
      <Filter>src\vehicle</Filter>
    </ClInclude>
  </ItemGroup>
  <ItemGroup>
    <ResourceCompile Include="res\app.rc">
      <Filter>res</Filter>
    </ResourceCompile>
  </ItemGroup>
  <ItemGroup>
    <Image Include="res\AppIcon.ico">
      <Filter>res</Filter>
    </Image>
  </ItemGroup>
</Project>
