<?xml version="1.0" encoding="utf-8"?>
<Project ToolsVersion="4.0" xmlns="http://schemas.microsoft.com/developer/msbuild/2003">
  <ItemGroup>
    <Filter Include="src">
      <UniqueIdentifier>{4FC737F1-C7A5-4376-A066-2A32D752A2FF}</UniqueIdentifier>
    </Filter>
    <Filter Include="src\core">
      <UniqueIdentifier>{8BC9CEB8-8B4A-11D0-8D11-00A0C91BC942}</UniqueIdentifier>
    </Filter>
    <Filter Include="src\input">
      <UniqueIdentifier>{93995380-89BD-4b04-88EB-625FBE52EBFB}</UniqueIdentifier>
    </Filter>
    <Filter Include="src\network">
      <UniqueIdentifier>{67DA6AB6-F800-4c08-8B7A-83BB121AAD01}</UniqueIdentifier>
    </Filter>
    <Filter Include="src\rendering">
      <UniqueIdentifier>{A8F1D8E2-45C3-4F8D-9B2A-5D8E9C4A1B3F}</UniqueIdentifier>
    </Filter>
    <Filter Include="src\vehicle">
      <UniqueIdentifier>{B9E2D9F3-56D4-4191-AC3B-6E9F0D5B2C41}</UniqueIdentifier>
    </Filter>
    <Filter Include="src\ui">
      <UniqueIdentifier>{C0F3E014-67E5-4102-BD4C-7F0A1E6C3D52}</UniqueIdentifier>
    </Filter>
    <Filter Include="src\saves">
      <UniqueIdentifier>{D1A4F115-78F6-4113-CE5D-8A1B2F7D4E63}</UniqueIdentifier>
    </Filter>
    <Filter Include="src\thirdparty">
      <UniqueIdentifier>{E2B5F216-89G7-4224-DF6E-9B2C3G8E5F74}</UniqueIdentifier>
    </Filter>
    <Filter Include="libaries">
      <UniqueIdentifier>{cdf6d2cb-e6b1-48a2-b6fc-1ea7c706b278}</UniqueIdentifier>
    </Filter>
    <Filter Include="libaries\include">
      <UniqueIdentifier>{3d8edf24-9031-400b-9755-9a0d4552edb8}</UniqueIdentifier>
    </Filter>
    <Filter Include="libaries\include\serialib">
      <UniqueIdentifier>{605eb7ea-adfa-44af-8198-a0cc4c5a86e6}</UniqueIdentifier>
    </Filter>
  </ItemGroup>
  <ItemGroup>
    <ClCompile Include="src\core\main.cpp">
      <Filter>src\core</Filter>
    </ClCompile>
    <ClCompile Include="src\input\Input.cpp">
      <Filter>src\input</Filter>
    </ClCompile>
    <ClCompile Include="src\network\Server.cpp">
      <Filter>src\network</Filter>
    </ClCompile>
    <ClCompile Include="src\rendering\Interpolation.cpp">
      <Filter>src\rendering</Filter>
    </ClCompile>
    <ClCompile Include="src\vehicle\Vehicle.cpp">
      <Filter>src\vehicle</Filter>
    </ClCompile>
    <ClCompile Include="src\thirdparty\glad.c">
      <Filter>src\thirdparty</Filter>
    </ClCompile>
    <ClCompile Include="libraries\include\imgui\imgui.cpp" />
    <ClCompile Include="libraries\include\imgui\imgui_demo.cpp" />
    <ClCompile Include="libraries\include\imgui\imgui_draw.cpp" />
    <ClCompile Include="libraries\include\imgui\imgui_tables.cpp" />
    <ClCompile Include="libraries\include\imgui\imgui_widgets.cpp" />
    <ClCompile Include="libraries\include\imgui\backends\imgui_impl_glfw.cpp" />
    <ClCompile Include="libraries\include\imgui\backends\imgui_impl_opengl3.cpp" />
    <ClCompile Include="src\network\ESP32_Code.cpp">
      <Filter>src\network</Filter>
    </ClCompile>
    <ClCompile Include="Client.cpp">
      <Filter>src\network</Filter>
    </ClCompile>
    <ClCompile Include="UI.cpp">
      <Filter>src\ui</Filter>
    </ClCompile>
    <ClCompile Include="libraries\include\serialib\serialib.cpp">
      <Filter>libaries\include\serialib</Filter>
    </ClCompile>
  </ItemGroup>
  <ItemGroup>
    <ClInclude Include="src\input\Input.h">
      <Filter>src\input</Filter>
    </ClInclude>
    <ClInclude Include="src\network\Server.h">
      <Filter>src\network</Filter>
    </ClInclude>
    <ClInclude Include="src\rendering\Interpolation.h">
      <Filter>src\rendering</Filter>
    </ClInclude>
    <ClInclude Include="src\vehicle\Vehicle.h">
      <Filter>src\vehicle</Filter>
    </ClInclude>
    <ClInclude Include="libraries\include\stb_image.h" />
    <ClInclude Include="src\network\ESP32_Code.h">
      <Filter>src\network</Filter>
    </ClInclude>
    <ClInclude Include="src\network\Client.h">
      <Filter>src\network</Filter>
    </ClInclude>
    <ClInclude Include="UI.h">
      <Filter>src\ui</Filter>
    </ClInclude>
    <ClInclude Include="libraries\include\serialib\serialib.h">
      <Filter>libaries\include\serialib</Filter>
    </ClInclude>
    <ClInclude Include="src\Config.h" />
  </ItemGroup>
  <ItemGroup>
    <Text Include="RESTRUCTURE_SUMMARY.txt" />
  </ItemGroup>
  <ItemGroup>
    <None Include="..\code_writing_guide.md" />
  </ItemGroup>
</Project>